{
  "name": "Fync",
  "lockfileVersion": 3,
  "requires": true,
  "packages": {
    "": {
      "dependencies": {
        "expo-video": "^55.0.10"
      }
    },
    "node_modules/expo-video": {
      "version": "55.0.10",
      "resolved": "https://registry.npmjs.org/expo-video/-/expo-video-55.0.10.tgz",
      "integrity": "sha512-L3UXgvGjrJv4ym3PnIGPPQi4LlVHQSh89eYm2Q7Pn9iUy5ce98sAdqPIKV88bfdLAIWfmPecYUoOzozXBPmenw==",
      "license": "MIT",
      "peerDependencies": {
        "expo": "*",
        "react": "*",
        "react-native": "*"
      }
    }
  }
}
